{
  "name": "uws-node-starter",
  "version": "1.0.0",
  "lockfileVersion": 2,
  "requires": true,
  "packages": {
    "": {
      "version": "1.0.0",
      "license": "MIT",
      "dependencies": {
        "@types/node": "^16.4.1",
        "uWebSockets.js": "uNetworking/uWebSockets.js#v20.1.0"
      }
    },
    "node_modules/@types/node": {
      "version": "16.4.1",
      "resolved": "https://registry.npmjs.org/@types/node/-/node-16.4.1.tgz",
      "integrity": "sha512-UW7cbLqf/Wu5XH2RKKY1cHwUNLicIDRLMraYKz+HHAerJ0ZffUEk+fMnd8qU2JaS6cAy0r8tsaf7yqHASf/Y0Q=="
    },
    "node_modules/uWebSockets.js": {
      "version": "20.1.0",
      "resolved": "git+ssh://git@github.com/uNetworking/uWebSockets.js.git#4dec549959d6910870f4e308e952e570bdd8a2d9"
    }
  },
  "dependencies": {
    "@types/node": {
      "version": "16.4.1",
      "resolved": "https://registry.npmjs.org/@types/node/-/node-16.4.1.tgz",
      "integrity": "sha512-UW7cbLqf/Wu5XH2RKKY1cHwUNLicIDRLMraYKz+HHAerJ0ZffUEk+fMnd8qU2JaS6cAy0r8tsaf7yqHASf/Y0Q=="
    },
    "uWebSockets.js": {
      "version": "git+ssh://git@github.com/uNetworking/uWebSockets.js.git#4dec549959d6910870f4e308e952e570bdd8a2d9",
      "from": "uWebSockets.js@uNetworking/uWebSockets.js#v20.1.0"
    }
  }
}
