{
  "name": "uws-node-starter",
  "version": "1.0.0",
  "lockfileVersion": 2,
  "requires": true,
  "packages": {
    "": {
      "version": "1.0.0",
      "license": "MIT",
      "dependencies": {
        "@types/node": "^16.4.1"
      }
    },
    "node_modules/@types/node": {
      "version": "16.4.1",
      "resolved": "https://registry.npmjs.org/@types/node/-/node-16.4.1.tgz",
      "integrity": "sha512-UW7cbLqf/Wu5XH2RKKY1cHwUNLicIDRLMraYKz+HHAerJ0ZffUEk+fMnd8qU2JaS6cAy0r8tsaf7yqHASf/Y0Q=="
    }
  },
  "dependencies": {
    "@types/node": {
      "version": "16.4.1",
      "resolved": "https://registry.npmjs.org/@types/node/-/node-16.4.1.tgz",
      "integrity": "sha512-UW7cbLqf/Wu5XH2RKKY1cHwUNLicIDRLMraYKz+HHAerJ0ZffUEk+fMnd8qU2JaS6cAy0r8tsaf7yqHASf/Y0Q=="
    }
  }
}
