{
  "name": "uws-node-starter",
  "version": "1.0.0",
  "lockfileVersion": 2,
  "requires": true,
  "packages": {
    "": {
      "name": "uws-node-starter",
      "version": "1.0.0",
      "license": "MIT",
      "dependencies": {
        "uWebSockets.js": "uNetworking/uWebSockets.js#v20.16.0"
      },
      "devDependencies": {
        "@types/node": "^18.14.5"
      }
    },
    "node_modules/@types/node": {
      "version": "18.14.5",
      "resolved": "https://registry.npmjs.org/@types/node/-/node-18.14.5.tgz",
      "integrity": "sha512-CRT4tMK/DHYhw1fcCEBwME9CSaZNclxfzVMe7GsO6ULSwsttbj70wSiX6rZdIjGblu93sTJxLdhNIT85KKI7Qw==",
      "dev": true
    },
    "node_modules/uWebSockets.js": {
      "version": "20.16.0",
      "resolved": "git+ssh://git@github.com/uNetworking/uWebSockets.js.git#0d9babe7a9e426e2bdaf66ff190d7609f576003a"
    }
  },
  "dependencies": {
    "@types/node": {
      "version": "18.14.5",
      "resolved": "https://registry.npmjs.org/@types/node/-/node-18.14.5.tgz",
      "integrity": "sha512-CRT4tMK/DHYhw1fcCEBwME9CSaZNclxfzVMe7GsO6ULSwsttbj70wSiX6rZdIjGblu93sTJxLdhNIT85KKI7Qw==",
      "dev": true
    },
    "uWebSockets.js": {
      "version": "git+ssh://git@github.com/uNetworking/uWebSockets.js.git#0d9babe7a9e426e2bdaf66ff190d7609f576003a",
      "from": "uWebSockets.js@uNetworking/uWebSockets.js#v20.16.0"
    }
  }
}
